{
  "name": "milliseconds-matter",
  "lockfileVersion": 2,
  "requires": true,
  "packages": {
    "": {
      "dependencies": {
        "tuicss": "^2.1.1",
        "xterm": "^5.0.0",
        "xterm-addon-fit": "^0.6.0",
        "xterm-addon-web-links": "^0.7.0"
      }
    },
    "node_modules/tuicss": {
      "version": "2.1.1",
      "resolved": "https://registry.npmjs.org/tuicss/-/tuicss-2.1.1.tgz",
      "integrity": "sha512-1JslTw9sbKAdxjA89ZuLlbLbjFlKRE/9vZnBGAHtZHqzQuZxunZCVnoAjxzFMolwRDOJgcfQ1srfntJ+ZNdFZw=="
    },
    "node_modules/xterm": {
      "version": "5.0.0",
      "resolved": "https://registry.npmjs.org/xterm/-/xterm-5.0.0.tgz",
      "integrity": "sha512-tmVsKzZovAYNDIaUinfz+VDclraQpPUnAME+JawosgWRMphInDded/PuY0xmU5dOhyeYZsI0nz5yd8dPYsdLTA=="
    },
    "node_modules/xterm-addon-fit": {
      "version": "0.6.0",
      "resolved": "https://registry.npmjs.org/xterm-addon-fit/-/xterm-addon-fit-0.6.0.tgz",
      "integrity": "sha512-9/7A+1KEjkFam0yxTaHfuk9LEvvTSBi0PZmEkzJqgafXPEXL9pCMAVV7rB09sX6ATRDXAdBpQhZkhKj7CGvYeg==",
      "peerDependencies": {
        "xterm": "^5.0.0"
      }
    },
    "node_modules/xterm-addon-web-links": {
      "version": "0.7.0",
      "resolved": "https://registry.npmjs.org/xterm-addon-web-links/-/xterm-addon-web-links-0.7.0.tgz",
      "integrity": "sha512-6PqoqzzPwaeSq22skzbvyboDvSnYk5teUYEoKBwMYvhbkwOQkemZccjWHT5FnNA8o1aInTc4PRYAl4jjPucCKA==",
      "peerDependencies": {
        "xterm": "^5.0.0"
      }
    }
  },
  "dependencies": {
    "tuicss": {
      "version": "2.1.1",
      "resolved": "https://registry.npmjs.org/tuicss/-/tuicss-2.1.1.tgz",
      "integrity": "sha512-1JslTw9sbKAdxjA89ZuLlbLbjFlKRE/9vZnBGAHtZHqzQuZxunZCVnoAjxzFMolwRDOJgcfQ1srfntJ+ZNdFZw=="
    },
    "xterm": {
      "version": "5.0.0",
      "resolved": "https://registry.npmjs.org/xterm/-/xterm-5.0.0.tgz",
      "integrity": "sha512-tmVsKzZovAYNDIaUinfz+VDclraQpPUnAME+JawosgWRMphInDded/PuY0xmU5dOhyeYZsI0nz5yd8dPYsdLTA=="
    },
    "xterm-addon-fit": {
      "version": "0.6.0",
      "resolved": "https://registry.npmjs.org/xterm-addon-fit/-/xterm-addon-fit-0.6.0.tgz",
      "integrity": "sha512-9/7A+1KEjkFam0yxTaHfuk9LEvvTSBi0PZmEkzJqgafXPEXL9pCMAVV7rB09sX6ATRDXAdBpQhZkhKj7CGvYeg==",
      "requires": {}
    },
    "xterm-addon-web-links": {
      "version": "0.7.0",
      "resolved": "https://registry.npmjs.org/xterm-addon-web-links/-/xterm-addon-web-links-0.7.0.tgz",
      "integrity": "sha512-6PqoqzzPwaeSq22skzbvyboDvSnYk5teUYEoKBwMYvhbkwOQkemZccjWHT5FnNA8o1aInTc4PRYAl4jjPucCKA==",
      "requires": {}
    }
  }
}
